// !$*UTF8*$!
{
	archiveVersion = 1;
	classes = {
	};
	objectVersion = 56;
	objects = {

/* Begin PBXBuildFile section */
		4C8216CC2C738AC2001DA76F /* DynamicStylingApp.swift in Sources */ = {isa = PBXBuildFile; fileRef = 4C8216CB2C738AC2001DA76F /* DynamicStylingApp.swift */; };
		4C8216CE2C738AC2001DA76F /* ContentView.swift in Sources */ = {isa = PBXBuildFile; fileRef = 4C8216CD2C738AC2001DA76F /* ContentView.swift */; };
		4C8216D02C738AC7001DA76F /* Assets.xcassets in Resources */ = {isa = PBXBuildFile; fileRef = 4C8216CF2C738AC7001DA76F /* Assets.xcassets */; };
		4C8216D32C738AC7001DA76F /* Preview Assets.xcassets in Resources */ = {isa = PBXBuildFile; fileRef = 4C8216D22C738AC7001DA76F /* Preview Assets.xcassets */; };
		4C8216DA2C738AF4001DA76F /* Styleguide.plist in Resources */ = {isa = PBXBuildFile; fileRef = 4C8216D92C738AF4001DA76F /* Styleguide.plist */; };
		4C8216DC2C738C60001DA76F /* StyleConfig.swift in Sources */ = {isa = PBXBuildFile; fileRef = 4C8216DB2C738C60001DA76F /* StyleConfig.swift */; };
		4C8216DE2C73901F001DA76F /* StyleModifier.swift in Sources */ = {isa = PBXBuildFile; fileRef = 4C8216DD2C73901F001DA76F /* StyleModifier.swift */; };
		4CCFDD992C7DCAFB00DDD263 /* StyleManager.swift in Sources */ = {isa = PBXBuildFile; fileRef = 4CCFDD982C7DCAFB00DDD263 /* StyleManager.swift */; };
/* End PBXBuildFile section */

/* Begin PBXFileReference section */
		4C8216C82C738AC2001DA76F /* DynamicStyling.app */ = {isa = PBXFileReference; explicitFileType = wrapper.application; includeInIndex = 0; path = DynamicStyling.app; sourceTree = BUILT_PRODUCTS_DIR; };
		4C8216CB2C738AC2001DA76F /* DynamicStylingApp.swift */ = {isa = PBXFileReference; lastKnownFileType = sourcecode.swift; path = DynamicStylingApp.swift; sourceTree = "<group>"; };
		4C8216CD2C738AC2001DA76F /* ContentView.swift */ = {isa = PBXFileReference; lastKnownFileType = sourcecode.swift; path = ContentView.swift; sourceTree = "<group>"; };
		4C8216CF2C738AC7001DA76F /* Assets.xcassets */ = {isa = PBXFileReference; lastKnownFileType = folder.assetcatalog; path = Assets.xcassets; sourceTree = "<group>"; };
		4C8216D22C738AC7001DA76F /* Preview Assets.xcassets */ = {isa = PBXFileReference; lastKnownFileType = folder.assetcatalog; path = "Preview Assets.xcassets"; sourceTree = "<group>"; };
		4C8216D92C738AF4001DA76F /* Styleguide.plist */ = {isa = PBXFileReference; lastKnownFileType = text.plist.xml; path = Styleguide.plist; sourceTree = "<group>"; };
		4C8216DB2C738C60001DA76F /* StyleConfig.swift */ = {isa = PBXFileReference; lastKnownFileType = sourcecode.swift; path = StyleConfig.swift; sourceTree = "<group>"; };
		4C8216DD2C73901F001DA76F /* StyleModifier.swift */ = {isa = PBXFileReference; lastKnownFileType = sourcecode.swift; path = StyleModifier.swift; sourceTree = "<group>"; };
		4CCFDD982C7DCAFB00DDD263 /* StyleManager.swift */ = {isa = PBXFileReference; lastKnownFileType = sourcecode.swift; path = StyleManager.swift; sourceTree = "<group>"; };
/* End PBXFileReference section */

/* Begin PBXFrameworksBuildPhase section */
		4C8216C52C738AC2001DA76F /* Frameworks */ = {
			isa = PBXFrameworksBuildPhase;
			buildActionMask = 2147483647;
			files = (
			);
			runOnlyForDeploymentPostprocessing = 0;
		};
/* End PBXFrameworksBuildPhase section */

/* Begin PBXGroup section */
		4C8216BF2C738AC2001DA76F = {
			isa = PBXGroup;
			children = (
				4C8216CA2C738AC2001DA76F /* DynamicStyling */,
				4C8216C92C738AC2001DA76F /* Products */,
			);
			sourceTree = "<group>";
		};
		4C8216C92C738AC2001DA76F /* Products */ = {
			isa = PBXGroup;
			children = (
				4C8216C82C738AC2001DA76F /* DynamicStyling.app */,
			);
			name = Products;
			sourceTree = "<group>";
		};
		4C8216CA2C738AC2001DA76F /* DynamicStyling */ = {
			isa = PBXGroup;
			children = (
				4C8216CB2C738AC2001DA76F /* DynamicStylingApp.swift */,
				4C8216CD2C738AC2001DA76F /* ContentView.swift */,
				4C8216DB2C738C60001DA76F /* StyleConfig.swift */,
				4C8216DD2C73901F001DA76F /* StyleModifier.swift */,
				4CCFDD982C7DCAFB00DDD263 /* StyleManager.swift */,
				4C8216CF2C738AC7001DA76F /* Assets.xcassets */,
				4C8216D92C738AF4001DA76F /* Styleguide.plist */,
				4C8216D12C738AC7001DA76F /* Preview Content */,
			);
			path = DynamicStyling;
			sourceTree = "<group>";
		};
		4C8216D12C738AC7001DA76F /* Preview Content */ = {
			isa = PBXGroup;
			children = (
				4C8216D22C738AC7001DA76F /* Preview Assets.xcassets */,
			);
			path = "Preview Content";
			sourceTree = "<group>";
		};
/* End PBXGroup section */

/* Begin PBXNativeTarget section */
		4C8216C72C738AC2001DA76F /* DynamicStyling */ = {
			isa = PBXNativeTarget;
			buildConfigurationList = 4C8216D62C738AC7001DA76F /* Build configuration list for PBXNativeTarget "DynamicStyling" */;
			buildPhases = (
				4C8216C42C738AC2001DA76F /* Sources */,
				4C8216C52C738AC2001DA76F /* Frameworks */,
				4C8216C62C738AC2001DA76F /* Resources */,
			);
			buildRules = (
			);
			dependencies = (
			);
			name = DynamicStyling;
			productName = DynamicStyling;
			productReference = 4C8216C82C738AC2001DA76F /* DynamicStyling.app */;
			productType = "com.apple.product-type.application";
		};
/* End PBXNativeTarget section */

/* Begin PBXProject section */
		4C8216C02C738AC2001DA76F /* Project object */ = {
			isa = PBXProject;
			attributes = {
				BuildIndependentTargetsInParallel = 1;
				LastSwiftUpdateCheck = 1540;
				LastUpgradeCheck = 1540;
				TargetAttributes = {
					4C8216C72C738AC2001DA76F = {
						CreatedOnToolsVersion = 15.4;
					};
				};
			};
			buildConfigurationList = 4C8216C32C738AC2001DA76F /* Build configuration list for PBXProject "DynamicStyling" */;
			compatibilityVersion = "Xcode 14.0";
			developmentRegion = en;
			hasScannedForEncodings = 0;
			knownRegions = (
				en,
				Base,
			);
			mainGroup = 4C8216BF2C738AC2001DA76F;
			productRefGroup = 4C8216C92C738AC2001DA76F /* Products */;
			projectDirPath = "";
			projectRoot = "";
			targets = (
				4C8216C72C738AC2001DA76F /* DynamicStyling */,
			);
		};
/* End PBXProject section */

/* Begin PBXResourcesBuildPhase section */
		4C8216C62C738AC2001DA76F /* Resources */ = {
			isa = PBXResourcesBuildPhase;
			buildActionMask = 2147483647;
			files = (
				4C8216D32C738AC7001DA76F /* Preview Assets.xcassets in Resources */,
				4C8216DA2C738AF4001DA76F /* Styleguide.plist in Resources */,
				4C8216D02C738AC7001DA76F /* Assets.xcassets in Resources */,
			);
			runOnlyForDeploymentPostprocessing = 0;
		};
/* End PBXResourcesBuildPhase section */

/* Begin PBXSourcesBuildPhase section */
		4C8216C42C738AC2001DA76F /* Sources */ = {
			isa = PBXSourcesBuildPhase;
			buildActionMask = 2147483647;
			files = (
				4C8216DE2C73901F001DA76F /* StyleModifier.swift in Sources */,
				4C8216CE2C738AC2001DA76F /* ContentView.swift in Sources */,
				4CCFDD992C7DCAFB00DDD263 /* StyleManager.swift in Sources */,
				4C8216CC2C738AC2001DA76F /* DynamicStylingApp.swift in Sources */,
				4C8216DC2C738C60001DA76F /* StyleConfig.swift in Sources */,
			);
			runOnlyForDeploymentPostprocessing = 0;
		};
/* End PBXSourcesBuildPhase section */

/* Begin XCBuildConfiguration section */
		4C8216D42C738AC7001DA76F /* Debug */ = {
			isa = XCBuildConfiguration;
			buildSettings = {
				ALWAYS_SEARCH_USER_PATHS = NO;
				ASSETCATALOG_COMPILER_GENERATE_SWIFT_ASSET_SYMBOL_EXTENSIONS = YES;
				CLANG_ANALYZER_NONNULL = YES;
				CLANG_ANALYZER_NUMBER_OBJECT_CONVERSION = YES_AGGRESSIVE;
				CLANG_CXX_LANGUAGE_STANDARD = "gnu++20";
				CLANG_ENABLE_MODULES = YES;
				CLANG_ENABLE_OBJC_ARC = YES;
				CLANG_ENABLE_OBJC_WEAK = YES;
				CLANG_WARN_BLOCK_CAPTURE_AUTORELEASING = YES;
				CLANG_WARN_BOOL_CONVERSION = YES;
				CLANG_WARN_COMMA = YES;
				CLANG_WARN_CONSTANT_CONVERSION = YES;
				CLANG_WARN_DEPRECATED_OBJC_IMPLEMENTATIONS = YES;
				CLANG_WARN_DIRECT_OBJC_ISA_USAGE = YES_ERROR;
				CLANG_WARN_DOCUMENTATION_COMMENTS = YES;
				CLANG_WARN_EMPTY_BODY = YES;
				CLANG_WARN_ENUM_CONVERSION = YES;
				CLANG_WARN_INFINITE_RECURSION = YES;
				CLANG_WARN_INT_CONVERSION = YES;
				CLANG_WARN_NON_LITERAL_NULL_CONVERSION = YES;
				CLANG_WARN_OBJC_IMPLICIT_RETAIN_SELF = YES;
				CLANG_WARN_OBJC_LITERAL_CONVERSION = YES;
				CLANG_WARN_OBJC_ROOT_CLASS = YES_ERROR;
				CLANG_WARN_QUOTED_INCLUDE_IN_FRAMEWORK_HEADER = YES;
				CLANG_WARN_RANGE_LOOP_ANALYSIS = YES;
				CLANG_WARN_STRICT_PROTOTYPES = YES;
				CLANG_WARN_SUSPICIOUS_MOVE = YES;
				CLANG_WARN_UNGUARDED_AVAILABILITY = YES_AGGRESSIVE;
				CLANG_WARN_UNREACHABLE_CODE = YES;
				CLANG_WARN__DUPLICATE_METHOD_MATCH = YES;
				COPY_PHASE_STRIP = NO;
				DEBUG_INFORMATION_FORMAT = dwarf;
				ENABLE_STRICT_OBJC_MSGSEND = YES;
				ENABLE_TESTABILITY = YES;
				ENABLE_USER_SCRIPT_SANDBOXING = YES;
				GCC_C_LANGUAGE_STANDARD = gnu17;
				GCC_DYNAMIC_NO_PIC = NO;
				GCC_NO_COMMON_BLOCKS = YES;
				GCC_OPTIMIZATION_LEVEL = 0;
				GCC_PREPROCESSOR_DEFINITIONS = (
					"DEBUG=1",
					"$(inherited)",
				);
				GCC_WARN_64_TO_32_BIT_CONVERSION = YES;
				GCC_WARN_ABOUT_RETURN_TYPE = YES_ERROR;
				GCC_WARN_UNDECLARED_SELECTOR = YES;
				GCC_WARN_UNINITIALIZED_AUTOS = YES_AGGRESSIVE;
				GCC_WARN_UNUSED_FUNCTION = YES;
				GCC_WARN_UNUSED_VARIABLE = YES;
				IPHONEOS_DEPLOYMENT_TARGET = 17.5;
				LOCALIZATION_PREFERS_STRING_CATALOGS = YES;
				MTL_ENABLE_DEBUG_INFO = INCLUDE_SOURCE;
				MTL_FAST_MATH = YES;
				ONLY_ACTIVE_ARCH = YES;
				SDKROOT = iphoneos;
				SWIFT_ACTIVE_COMPILATION_CONDITIONS = "DEBUG $(inherited)";
				SWIFT_OPTIMIZATION_LEVEL = "-Onone";
			};
			name = Debug;
		};
		4C8216D52C738AC7001DA76F /* Release */ = {
			isa = XCBuildConfiguration;
			buildSettings = {
				ALWAYS_SEARCH_USER_PATHS = NO;
				ASSETCATALOG_COMPILER_GENERATE_SWIFT_ASSET_SYMBOL_EXTENSIONS = YES;
				CLANG_ANALYZER_NONNULL = YES;
				CLANG_ANALYZER_NUMBER_OBJECT_CONVERSION = YES_AGGRESSIVE;
				CLANG_CXX_LANGUAGE_STANDARD = "gnu++20";
				CLANG_ENABLE_MODULES = YES;
				CLANG_ENABLE_OBJC_ARC = YES;
				CLANG_ENABLE_OBJC_WEAK = YES;
				CLANG_WARN_BLOCK_CAPTURE_AUTORELEASING = YES;
				CLANG_WARN_BOOL_CONVERSION = YES;
				CLANG_WARN_COMMA = YES;
				CLANG_WARN_CONSTANT_CONVERSION = YES;
				CLANG_WARN_DEPRECATED_OBJC_IMPLEMENTATIONS = YES;
				CLANG_WARN_DIRECT_OBJC_ISA_USAGE = YES_ERROR;
				CLANG_WARN_DOCUMENTATION_COMMENTS = YES;
				CLANG_WARN_EMPTY_BODY = YES;
				CLANG_WARN_ENUM_CONVERSION = YES;
				CLANG_WARN_INFINITE_RECURSION = YES;
				CLANG_WARN_INT_CONVERSION = YES;
				CLANG_WARN_NON_LITERAL_NULL_CONVERSION = YES;
				CLANG_WARN_OBJC_IMPLICIT_RETAIN_SELF = YES;
				CLANG_WARN_OBJC_LITERAL_CONVERSION = YES;
				CLANG_WARN_OBJC_ROOT_CLASS = YES_ERROR;
				CLANG_WARN_QUOTED_INCLUDE_IN_FRAMEWORK_HEADER = YES;
				CLANG_WARN_RANGE_LOOP_ANALYSIS = YES;
				CLANG_WARN_STRICT_PROTOTYPES = YES;
				CLANG_WARN_SUSPICIOUS_MOVE = YES;
				CLANG_WARN_UNGUARDED_AVAILABILITY = YES_AGGRESSIVE;
				CLANG_WARN_UNREACHABLE_CODE = YES;
				CLANG_WARN__DUPLICATE_METHOD_MATCH = YES;
				COPY_PHASE_STRIP = NO;
				DEBUG_INFORMATION_FORMAT = "dwarf-with-dsym";
				ENABLE_NS_ASSERTIONS = NO;
				ENABLE_STRICT_OBJC_MSGSEND = YES;
				ENABLE_USER_SCRIPT_SANDBOXING = YES;
				GCC_C_LANGUAGE_STANDARD = gnu17;
				GCC_NO_COMMON_BLOCKS = YES;
				GCC_WARN_64_TO_32_BIT_CONVERSION = YES;
				GCC_WARN_ABOUT_RETURN_TYPE = YES_ERROR;
				GCC_WARN_UNDECLARED_SELECTOR = YES;
				GCC_WARN_UNINITIALIZED_AUTOS = YES_AGGRESSIVE;
				GCC_WARN_UNUSED_FUNCTION = YES;
				GCC_WARN_UNUSED_VARIABLE = YES;
				IPHONEOS_DEPLOYMENT_TARGET = 17.5;
				LOCALIZATION_PREFERS_STRING_CATALOGS = YES;
				MTL_ENABLE_DEBUG_INFO = NO;
				MTL_FAST_MATH = YES;
				SDKROOT = iphoneos;
				SWIFT_COMPILATION_MODE = wholemodule;
				VALIDATE_PRODUCT = YES;
			};
			name = Release;
		};
		4C8216D72C738AC7001DA76F /* Debug */ = {
			isa = XCBuildConfiguration;
			buildSettings = {
				ASSETCATALOG_COMPILER_APPICON_NAME = AppIcon;
				ASSETCATALOG_COMPILER_GLOBAL_ACCENT_COLOR_NAME = AccentColor;
				CODE_SIGN_STYLE = Automatic;
				CURRENT_PROJECT_VERSION = 1;
				DEVELOPMENT_ASSET_PATHS = "\"DynamicStyling/Preview Content\"";
				DEVELOPMENT_TEAM = 2MDJGHB2N9;
				ENABLE_PREVIEWS = YES;
				GENERATE_INFOPLIST_FILE = YES;
				INFOPLIST_KEY_UIApplicationSceneManifest_Generation = YES;
				INFOPLIST_KEY_UIApplicationSupportsIndirectInputEvents = YES;
				INFOPLIST_KEY_UILaunchScreen_Generation = YES;
				INFOPLIST_KEY_UISupportedInterfaceOrientations_iPad = "UIInterfaceOrientationPortrait UIInterfaceOrientationPortraitUpsideDown UIInterfaceOrientationLandscapeLeft UIInterfaceOrientationLandscapeRight";
				INFOPLIST_KEY_UISupportedInterfaceOrientations_iPhone = "UIInterfaceOrientationPortrait UIInterfaceOrientationLandscapeLeft UIInterfaceOrientationLandscapeRight";
				LD_RUNPATH_SEARCH_PATHS = (
					"$(inherited)",
					"@executable_path/Frameworks",
				);
				MARKETING_VERSION = 1.0;
				PRODUCT_BUNDLE_IDENTIFIER = ajitRidecell.DynamicStyling;
				PRODUCT_NAME = "$(TARGET_NAME)";
				SWIFT_EMIT_LOC_STRINGS = YES;
				SWIFT_VERSION = 5.0;
				TARGETED_DEVICE_FAMILY = "1,2";
			};
			name = Debug;
		};
		4C8216D82C738AC7001DA76F /* Release */ = {
			isa = XCBuildConfiguration;
			buildSettings = {
				ASSETCATALOG_COMPILER_APPICON_NAME = AppIcon;
				ASSETCATALOG_COMPILER_GLOBAL_ACCENT_COLOR_NAME = AccentColor;
				CODE_SIGN_STYLE = Automatic;
				CURRENT_PROJECT_VERSION = 1;
				DEVELOPMENT_ASSET_PATHS = "\"DynamicStyling/Preview Content\"";
				DEVELOPMENT_TEAM = 2MDJGHB2N9;
				ENABLE_PREVIEWS = YES;
				GENERATE_INFOPLIST_FILE = YES;
				INFOPLIST_KEY_UIApplicationSceneManifest_Generation = YES;
				INFOPLIST_KEY_UIApplicationSupportsIndirectInputEvents = YES;
				INFOPLIST_KEY_UILaunchScreen_Generation = YES;
				INFOPLIST_KEY_UISupportedInterfaceOrientations_iPad = "UIInterfaceOrientationPortrait UIInterfaceOrientationPortraitUpsideDown UIInterfaceOrientationLandscapeLeft UIInterfaceOrientationLandscapeRight";
				INFOPLIST_KEY_UISupportedInterfaceOrientations_iPhone = "UIInterfaceOrientationPortrait UIInterfaceOrientationLandscapeLeft UIInterfaceOrientationLandscapeRight";
				LD_RUNPATH_SEARCH_PATHS = (
					"$(inherited)",
					"@executable_path/Frameworks",
				);
				MARKETING_VERSION = 1.0;
				PRODUCT_BUNDLE_IDENTIFIER = ajitRidecell.DynamicStyling;
				PRODUCT_NAME = "$(TARGET_NAME)";
				SWIFT_EMIT_LOC_STRINGS = YES;
				SWIFT_VERSION = 5.0;
				TARGETED_DEVICE_FAMILY = "1,2";
			};
			name = Release;
		};
/* End XCBuildConfiguration section */

/* Begin XCConfigurationList section */
		4C8216C32C738AC2001DA76F /* Build configuration list for PBXProject "DynamicStyling" */ = {
			isa = XCConfigurationList;
			buildConfigurations = (
				4C8216D42C738AC7001DA76F /* Debug */,
				4C8216D52C738AC7001DA76F /* Release */,
			);
			defaultConfigurationIsVisible = 0;
			defaultConfigurationName = Release;
		};
		4C8216D62C738AC7001DA76F /* Build configuration list for PBXNativeTarget "DynamicStyling" */ = {
			isa = XCConfigurationList;
			buildConfigurations = (
				4C8216D72C738AC7001DA76F /* Debug */,
				4C8216D82C738AC7001DA76F /* Release */,
			);
			defaultConfigurationIsVisible = 0;
			defaultConfigurationName = Release;
		};
/* End XCConfigurationList section */
	};
	rootObject = 4C8216C02C738AC2001DA76F /* Project object */;
}
